// !$*UTF8*$!
{
	archiveVersion = 1;
	classes = {
	};
	objectVersion = 77;
	objects = {

/* Begin PBXBuildFile section */
		BC3C60682E292BE7003D3414 /* development_l1_R_MApp.swift in Sources */ = {isa = PBXBuildFile; fileRef = BC3C603E2E292BE7003D3414 /* development_l1_R_MApp.swift */; };
		BC3C60692E292BE7003D3414 /* CharacterInfoBlock.swift in Sources */ = {isa = PBXBuildFile; fileRef = BC3C60402E292BE7003D3414 /* CharacterInfoBlock.swift */; };
		BC3C606A2E292BE7003D3414 /* FavoriteButton.swift in Sources */ = {isa = PBXBuildFile; fileRef = BC3C60412E292BE7003D3414 /* FavoriteButton.swift */; };
		BC3C606B2E292BE7003D3414 /* ScreenHeader.swift in Sources */ = {isa = PBXBuildFile; fileRef = BC3C60422E292BE7003D3414 /* ScreenHeader.swift */; };
		BC3C606D2E292BE7003D3414 /* FavoritesManager.swift in Sources */ = {isa = PBXBuildFile; fileRef = BC3C60452E292BE7003D3414 /* FavoritesManager.swift */; };
		BC3C606E2E292BE7003D3414 /* Model.xcdatamodeld in Sources */ = {isa = PBXBuildFile; fileRef = BC3C60472E292BE7003D3414 /* Model.xcdatamodeld */; };
		BC3C606F2E292BE7003D3414 /* PersistenceController.swift in Sources */ = {isa = PBXBuildFile; fileRef = BC3C60492E292BE7003D3414 /* PersistenceController.swift */; };
		BC3C60702E292BE7003D3414 /* FilterEnums.swift in Sources */ = {isa = PBXBuildFile; fileRef = BC3C604C2E292BE7003D3414 /* FilterEnums.swift */; };
		BC3C60712E292BE7003D3414 /* ResultRM.swift in Sources */ = {isa = PBXBuildFile; fileRef = BC3C604D2E292BE7003D3414 /* ResultRM.swift */; };
		BC3C60722E292BE7003D3414 /* EpisodeLoader.swift in Sources */ = {isa = PBXBuildFile; fileRef = BC3C604F2E292BE7003D3414 /* EpisodeLoader.swift */; };
		BC3C60732E292BE7003D3414 /* NetworkService.swift in Sources */ = {isa = PBXBuildFile; fileRef = BC3C60512E292BE7003D3414 /* NetworkService.swift */; };
		BC3C60752E292BE7003D3414 /* CharacterDetailViewModel.swift in Sources */ = {isa = PBXBuildFile; fileRef = BC3C60552E292BE7003D3414 /* CharacterDetailViewModel.swift */; };
		BC3C60772E292BE7003D3414 /* ViewModel.swift in Sources */ = {isa = PBXBuildFile; fileRef = BC3C60572E292BE7003D3414 /* ViewModel.swift */; };
		BC3C60782E292BE7003D3414 /* CharacterRowView.swift in Sources */ = {isa = PBXBuildFile; fileRef = BC3C60592E292BE7003D3414 /* CharacterRowView.swift */; };
		BC3C60792E292BE7003D3414 /* CharactersListHeader.swift in Sources */ = {isa = PBXBuildFile; fileRef = BC3C605A2E292BE7003D3414 /* CharactersListHeader.swift */; };
		BC3C607C2E292BE7003D3414 /* FavoriteCharactersListView.swift in Sources */ = {isa = PBXBuildFile; fileRef = BC3C605F2E292BE7003D3414 /* FavoriteCharactersListView.swift */; };
		BC3C607D2E292BE7003D3414 /* FilterView.swift in Sources */ = {isa = PBXBuildFile; fileRef = BC3C60612E292BE7003D3414 /* FilterView.swift */; };
		BC3C607E2E292BE7003D3414 /* CharactersListView.swift in Sources */ = {isa = PBXBuildFile; fileRef = BC3C60632E292BE7003D3414 /* CharactersListView.swift */; };
		BC3C607F2E292BE7003D3414 /* Assets.xcassets in Resources */ = {isa = PBXBuildFile; fileRef = BC3C603C2E292BE7003D3414 /* Assets.xcassets */; };
		BC3C60832E292DCB003D3414 /* CharacterDetailView.swift in Sources */ = {isa = PBXBuildFile; fileRef = BC3C60822E292DCB003D3414 /* CharacterDetailView.swift */; };
		BC3C609A2E294D35003D3414 /* LaunchScreen.storyboard in Resources */ = {isa = PBXBuildFile; fileRef = BC3C60992E294D35003D3414 /* LaunchScreen.storyboard */; };
/* End PBXBuildFile section */

/* Begin PBXFileReference section */
		BC3C603C2E292BE7003D3414 /* Assets.xcassets */ = {isa = PBXFileReference; lastKnownFileType = folder.assetcatalog; path = Assets.xcassets; sourceTree = "<group>"; };
		BC3C603E2E292BE7003D3414 /* development_l1_R_MApp.swift */ = {isa = PBXFileReference; lastKnownFileType = sourcecode.swift; path = development_l1_R_MApp.swift; sourceTree = "<group>"; };
		BC3C60402E292BE7003D3414 /* CharacterInfoBlock.swift */ = {isa = PBXFileReference; lastKnownFileType = sourcecode.swift; path = CharacterInfoBlock.swift; sourceTree = "<group>"; };
		BC3C60412E292BE7003D3414 /* FavoriteButton.swift */ = {isa = PBXFileReference; lastKnownFileType = sourcecode.swift; path = FavoriteButton.swift; sourceTree = "<group>"; };
		BC3C60422E292BE7003D3414 /* ScreenHeader.swift */ = {isa = PBXFileReference; lastKnownFileType = sourcecode.swift; path = ScreenHeader.swift; sourceTree = "<group>"; };
		BC3C60452E292BE7003D3414 /* FavoritesManager.swift */ = {isa = PBXFileReference; lastKnownFileType = sourcecode.swift; path = FavoritesManager.swift; sourceTree = "<group>"; };
		BC3C60492E292BE7003D3414 /* PersistenceController.swift */ = {isa = PBXFileReference; lastKnownFileType = sourcecode.swift; path = PersistenceController.swift; sourceTree = "<group>"; };
		BC3C604C2E292BE7003D3414 /* FilterEnums.swift */ = {isa = PBXFileReference; lastKnownFileType = sourcecode.swift; path = FilterEnums.swift; sourceTree = "<group>"; };
		BC3C604D2E292BE7003D3414 /* ResultRM.swift */ = {isa = PBXFileReference; lastKnownFileType = sourcecode.swift; path = ResultRM.swift; sourceTree = "<group>"; };
		BC3C604F2E292BE7003D3414 /* EpisodeLoader.swift */ = {isa = PBXFileReference; lastKnownFileType = sourcecode.swift; path = EpisodeLoader.swift; sourceTree = "<group>"; };
		BC3C60512E292BE7003D3414 /* NetworkService.swift */ = {isa = PBXFileReference; lastKnownFileType = sourcecode.swift; path = NetworkService.swift; sourceTree = "<group>"; };
		BC3C60552E292BE7003D3414 /* CharacterDetailViewModel.swift */ = {isa = PBXFileReference; lastKnownFileType = sourcecode.swift; path = CharacterDetailViewModel.swift; sourceTree = "<group>"; };
		BC3C60572E292BE7003D3414 /* ViewModel.swift */ = {isa = PBXFileReference; lastKnownFileType = sourcecode.swift; path = ViewModel.swift; sourceTree = "<group>"; };
		BC3C60592E292BE7003D3414 /* CharacterRowView.swift */ = {isa = PBXFileReference; lastKnownFileType = sourcecode.swift; path = CharacterRowView.swift; sourceTree = "<group>"; };
		BC3C605A2E292BE7003D3414 /* CharactersListHeader.swift */ = {isa = PBXFileReference; lastKnownFileType = sourcecode.swift; path = CharactersListHeader.swift; sourceTree = "<group>"; };
		BC3C605F2E292BE7003D3414 /* FavoriteCharactersListView.swift */ = {isa = PBXFileReference; lastKnownFileType = sourcecode.swift; path = FavoriteCharactersListView.swift; sourceTree = "<group>"; };
		BC3C60612E292BE7003D3414 /* FilterView.swift */ = {isa = PBXFileReference; lastKnownFileType = sourcecode.swift; path = FilterView.swift; sourceTree = "<group>"; };
		BC3C60632E292BE7003D3414 /* CharactersListView.swift */ = {isa = PBXFileReference; lastKnownFileType = sourcecode.swift; path = CharactersListView.swift; sourceTree = "<group>"; };
		BC3C60672E292BE7003D3414 /* Model.xcdatamodel */ = {isa = PBXFileReference; lastKnownFileType = wrapper.xcdatamodel; path = Model.xcdatamodel; sourceTree = "<group>"; };
		BC3C60822E292DCB003D3414 /* CharacterDetailView.swift */ = {isa = PBXFileReference; lastKnownFileType = sourcecode.swift; path = CharacterDetailView.swift; sourceTree = "<group>"; };
		BC3C60992E294D35003D3414 /* LaunchScreen.storyboard */ = {isa = PBXFileReference; lastKnownFileType = file.storyboard; path = LaunchScreen.storyboard; sourceTree = "<group>"; };
		BC6E4C7B2DF078B00047239C /* development l1 R&M.app */ = {isa = PBXFileReference; explicitFileType = wrapper.application; includeInIndex = 0; path = "development l1 R&M.app"; sourceTree = BUILT_PRODUCTS_DIR; };
/* End PBXFileReference section */

/* Begin PBXFrameworksBuildPhase section */
		BC6E4C782DF078B00047239C /* Frameworks */ = {
			isa = PBXFrameworksBuildPhase;
			buildActionMask = 2147483647;
			files = (
			);
			runOnlyForDeploymentPostprocessing = 0;
		};
/* End PBXFrameworksBuildPhase section */

/* Begin PBXGroup section */
		BC3C603D2E292BE7003D3414 /* Resources */ = {
			isa = PBXGroup;
			children = (
				BC3C603C2E292BE7003D3414 /* Assets.xcassets */,
			);
			path = Resources;
			sourceTree = "<group>";
		};
		BC3C603F2E292BE7003D3414 /* App */ = {
			isa = PBXGroup;
			children = (
				BCA205892E29598000B73A75 /* LaunchScreen */,
				BC3C603D2E292BE7003D3414 /* Resources */,
				BC3C603E2E292BE7003D3414 /* development_l1_R_MApp.swift */,
			);
			path = App;
			sourceTree = "<group>";
		};
		BC3C60432E292BE7003D3414 /* Components */ = {
			isa = PBXGroup;
			children = (
				BC3C60402E292BE7003D3414 /* CharacterInfoBlock.swift */,
				BC3C60412E292BE7003D3414 /* FavoriteButton.swift */,
				BC3C60422E292BE7003D3414 /* ScreenHeader.swift */,
			);
			path = Components;
			sourceTree = "<group>";
		};
		BC3C60462E292BE7003D3414 /* Manager */ = {
			isa = PBXGroup;
			children = (
				BC3C60452E292BE7003D3414 /* FavoritesManager.swift */,
			);
			path = Manager;
			sourceTree = "<group>";
		};
		BC3C60482E292BE7003D3414 /* Model */ = {
			isa = PBXGroup;
			children = (
				BC3C60472E292BE7003D3414 /* Model.xcdatamodeld */,
			);
			path = Model;
			sourceTree = "<group>";
		};
		BC3C604A2E292BE7003D3414 /* Persistence */ = {
			isa = PBXGroup;
			children = (
				BC3C60492E292BE7003D3414 /* PersistenceController.swift */,
			);
			path = Persistence;
			sourceTree = "<group>";
		};
		BC3C604B2E292BE7003D3414 /* CoreData */ = {
			isa = PBXGroup;
			children = (
				BC3C60462E292BE7003D3414 /* Manager */,
				BC3C60482E292BE7003D3414 /* Model */,
				BC3C604A2E292BE7003D3414 /* Persistence */,
			);
			path = CoreData;
			sourceTree = "<group>";
		};
		BC3C604E2E292BE7003D3414 /* Model */ = {
			isa = PBXGroup;
			children = (
				BC3C604C2E292BE7003D3414 /* FilterEnums.swift */,
				BC3C604D2E292BE7003D3414 /* ResultRM.swift */,
			);
			path = Model;
			sourceTree = "<group>";
		};
		BC3C60502E292BE7003D3414 /* Loaders */ = {
			isa = PBXGroup;
			children = (
				BC3C604F2E292BE7003D3414 /* EpisodeLoader.swift */,
			);
			path = Loaders;
			sourceTree = "<group>";
		};
		BC3C60532E292BE7003D3414 /* Network */ = {
			isa = PBXGroup;
			children = (
				BC3C60512E292BE7003D3414 /* NetworkService.swift */,
			);
			path = Network;
			sourceTree = "<group>";
		};
		BC3C60542E292BE7003D3414 /* Services */ = {
			isa = PBXGroup;
			children = (
				BC3C60502E292BE7003D3414 /* Loaders */,
				BC3C60532E292BE7003D3414 /* Network */,
			);
			path = Services;
			sourceTree = "<group>";
		};
		BC3C60582E292BE7003D3414 /* ViewModels */ = {
			isa = PBXGroup;
			children = (
				BC3C60552E292BE7003D3414 /* CharacterDetailViewModel.swift */,
				BC3C60572E292BE7003D3414 /* ViewModel.swift */,
			);
			path = ViewModels;
			sourceTree = "<group>";
		};
		BC3C605E2E292BE7003D3414 /* CharactersDetail */ = {
			isa = PBXGroup;
			children = (
				BC3C60822E292DCB003D3414 /* CharacterDetailView.swift */,
			);
			path = CharactersDetail;
			sourceTree = "<group>";
		};
		BC3C60602E292BE7003D3414 /* Favorite */ = {
			isa = PBXGroup;
			children = (
				BC3C605F2E292BE7003D3414 /* FavoriteCharactersListView.swift */,
			);
			path = Favorite;
			sourceTree = "<group>";
		};
		BC3C60622E292BE7003D3414 /* Filters */ = {
			isa = PBXGroup;
			children = (
				BC3C60612E292BE7003D3414 /* FilterView.swift */,
			);
			path = Filters;
			sourceTree = "<group>";
		};
		BC3C60642E292BE7003D3414 /* Main */ = {
			isa = PBXGroup;
			children = (
				BC3C60852E293A06003D3414 /* Components */,
				BC3C60632E292BE7003D3414 /* CharactersListView.swift */,
			);
			path = Main;
			sourceTree = "<group>";
		};
		BC3C60652E292BE7003D3414 /* Views */ = {
			isa = PBXGroup;
			children = (
				BC3C605E2E292BE7003D3414 /* CharactersDetail */,
				BC3C60602E292BE7003D3414 /* Favorite */,
				BC3C60622E292BE7003D3414 /* Filters */,
				BC3C60642E292BE7003D3414 /* Main */,
			);
			path = Views;
			sourceTree = "<group>";
		};
		BC3C60662E292BE7003D3414 /* development l1 R&M */ = {
			isa = PBXGroup;
			children = (
				BC3C603F2E292BE7003D3414 /* App */,
				BC3C60542E292BE7003D3414 /* Services */,
				BC3C604B2E292BE7003D3414 /* CoreData */,
				BC3C604E2E292BE7003D3414 /* Model */,
				BC3C60582E292BE7003D3414 /* ViewModels */,
				BC3C60652E292BE7003D3414 /* Views */,
				BC3C60432E292BE7003D3414 /* Components */,
			);
			path = "development l1 R&M";
			sourceTree = "<group>";
		};
		BC3C60852E293A06003D3414 /* Components */ = {
			isa = PBXGroup;
			children = (
				BC3C60592E292BE7003D3414 /* CharacterRowView.swift */,
				BC3C605A2E292BE7003D3414 /* CharactersListHeader.swift */,
			);
			path = Components;
			sourceTree = "<group>";
		};
		BC6E4C722DF078B00047239C = {
			isa = PBXGroup;
			children = (
				BC3C60662E292BE7003D3414 /* development l1 R&M */,
				BC6E4C7C2DF078B00047239C /* Products */,
			);
			sourceTree = "<group>";
		};
		BC6E4C7C2DF078B00047239C /* Products */ = {
			isa = PBXGroup;
			children = (
				BC6E4C7B2DF078B00047239C /* development l1 R&M.app */,
			);
			name = Products;
			sourceTree = "<group>";
		};
		BCA205892E29598000B73A75 /* LaunchScreen */ = {
			isa = PBXGroup;
			children = (
				BC3C60992E294D35003D3414 /* LaunchScreen.storyboard */,
			);
			path = LaunchScreen;
			sourceTree = "<group>";
		};
/* End PBXGroup section */

/* Begin PBXNativeTarget section */
		BC6E4C7A2DF078B00047239C /* development l1 R&M */ = {
			isa = PBXNativeTarget;
			buildConfigurationList = BC6E4C862DF078B10047239C /* Build configuration list for PBXNativeTarget "development l1 R&M" */;
			buildPhases = (
				BC6E4C772DF078B00047239C /* Sources */,
				BC6E4C782DF078B00047239C /* Frameworks */,
				BC6E4C792DF078B00047239C /* Resources */,
			);
			buildRules = (
			);
			dependencies = (
			);
			name = "development l1 R&M";
			packageProductDependencies = (
			);
			productName = "development l1 R&M";
			productReference = BC6E4C7B2DF078B00047239C /* development l1 R&M.app */;
			productType = "com.apple.product-type.application";
		};
/* End PBXNativeTarget section */

/* Begin PBXProject section */
		BC6E4C732DF078B00047239C /* Project object */ = {
			isa = PBXProject;
			attributes = {
				BuildIndependentTargetsInParallel = 1;
				LastSwiftUpdateCheck = 1630;
				LastUpgradeCheck = 1630;
				TargetAttributes = {
					BC6E4C7A2DF078B00047239C = {
						CreatedOnToolsVersion = 16.3;
					};
				};
			};
			buildConfigurationList = BC6E4C762DF078B00047239C /* Build configuration list for PBXProject "development l1 R&M" */;
			developmentRegion = en;
			hasScannedForEncodings = 0;
			knownRegions = (
				en,
				Base,
			);
			mainGroup = BC6E4C722DF078B00047239C;
			minimizedProjectReferenceProxies = 1;
			preferredProjectObjectVersion = 77;
			productRefGroup = BC6E4C7C2DF078B00047239C /* Products */;
			projectDirPath = "";
			projectRoot = "";
			targets = (
				BC6E4C7A2DF078B00047239C /* development l1 R&M */,
			);
		};
/* End PBXProject section */

/* Begin PBXResourcesBuildPhase section */
		BC6E4C792DF078B00047239C /* Resources */ = {
			isa = PBXResourcesBuildPhase;
			buildActionMask = 2147483647;
			files = (
				BC3C609A2E294D35003D3414 /* LaunchScreen.storyboard in Resources */,
				BC3C607F2E292BE7003D3414 /* Assets.xcassets in Resources */,
			);
			runOnlyForDeploymentPostprocessing = 0;
		};
/* End PBXResourcesBuildPhase section */

/* Begin PBXSourcesBuildPhase section */
		BC6E4C772DF078B00047239C /* Sources */ = {
			isa = PBXSourcesBuildPhase;
			buildActionMask = 2147483647;
			files = (
				BC3C60682E292BE7003D3414 /* development_l1_R_MApp.swift in Sources */,
				BC3C60692E292BE7003D3414 /* CharacterInfoBlock.swift in Sources */,
				BC3C606A2E292BE7003D3414 /* FavoriteButton.swift in Sources */,
				BC3C606B2E292BE7003D3414 /* ScreenHeader.swift in Sources */,
				BC3C60832E292DCB003D3414 /* CharacterDetailView.swift in Sources */,
				BC3C606D2E292BE7003D3414 /* FavoritesManager.swift in Sources */,
				BC3C606E2E292BE7003D3414 /* Model.xcdatamodeld in Sources */,
				BC3C606F2E292BE7003D3414 /* PersistenceController.swift in Sources */,
				BC3C60702E292BE7003D3414 /* FilterEnums.swift in Sources */,
				BC3C60712E292BE7003D3414 /* ResultRM.swift in Sources */,
				BC3C60722E292BE7003D3414 /* EpisodeLoader.swift in Sources */,
				BC3C60732E292BE7003D3414 /* NetworkService.swift in Sources */,
				BC3C60752E292BE7003D3414 /* CharacterDetailViewModel.swift in Sources */,
				BC3C60772E292BE7003D3414 /* ViewModel.swift in Sources */,
				BC3C60782E292BE7003D3414 /* CharacterRowView.swift in Sources */,
				BC3C60792E292BE7003D3414 /* CharactersListHeader.swift in Sources */,
				BC3C607C2E292BE7003D3414 /* FavoriteCharactersListView.swift in Sources */,
				BC3C607D2E292BE7003D3414 /* FilterView.swift in Sources */,
				BC3C607E2E292BE7003D3414 /* CharactersListView.swift in Sources */,
			);
			runOnlyForDeploymentPostprocessing = 0;
		};
/* End PBXSourcesBuildPhase section */

/* Begin XCBuildConfiguration section */
		BC6E4C842DF078B10047239C /* Debug */ = {
			isa = XCBuildConfiguration;
			buildSettings = {
				ALWAYS_SEARCH_USER_PATHS = NO;
				ASSETCATALOG_COMPILER_GENERATE_SWIFT_ASSET_SYMBOL_EXTENSIONS = YES;
				CLANG_ANALYZER_LOCALIZABILITY_NONLOCALIZED = YES;
				CLANG_ANALYZER_NONNULL = YES;
				CLANG_ANALYZER_NUMBER_OBJECT_CONVERSION = YES_AGGRESSIVE;
				CLANG_CXX_LANGUAGE_STANDARD = "gnu++20";
				CLANG_ENABLE_MODULES = YES;
				CLANG_ENABLE_OBJC_ARC = YES;
				CLANG_ENABLE_OBJC_WEAK = YES;
				CLANG_WARN_BLOCK_CAPTURE_AUTORELEASING = YES;
				CLANG_WARN_BOOL_CONVERSION = YES;
				CLANG_WARN_COMMA = YES;
				CLANG_WARN_CONSTANT_CONVERSION = YES;
				CLANG_WARN_DEPRECATED_OBJC_IMPLEMENTATIONS = YES;
				CLANG_WARN_DIRECT_OBJC_ISA_USAGE = YES_ERROR;
				CLANG_WARN_DOCUMENTATION_COMMENTS = YES;
				CLANG_WARN_EMPTY_BODY = YES;
				CLANG_WARN_ENUM_CONVERSION = YES;
				CLANG_WARN_INFINITE_RECURSION = YES;
				CLANG_WARN_INT_CONVERSION = YES;
				CLANG_WARN_NON_LITERAL_NULL_CONVERSION = YES;
				CLANG_WARN_OBJC_IMPLICIT_RETAIN_SELF = YES;
				CLANG_WARN_OBJC_LITERAL_CONVERSION = YES;
				CLANG_WARN_OBJC_ROOT_CLASS = YES_ERROR;
				CLANG_WARN_QUOTED_INCLUDE_IN_FRAMEWORK_HEADER = YES;
				CLANG_WARN_RANGE_LOOP_ANALYSIS = YES;
				CLANG_WARN_STRICT_PROTOTYPES = YES;
				CLANG_WARN_SUSPICIOUS_MOVE = YES;
				CLANG_WARN_UNGUARDED_AVAILABILITY = YES_AGGRESSIVE;
				CLANG_WARN_UNREACHABLE_CODE = YES;
				CLANG_WARN__DUPLICATE_METHOD_MATCH = YES;
				COPY_PHASE_STRIP = NO;
				DEBUG_INFORMATION_FORMAT = dwarf;
				ENABLE_STRICT_OBJC_MSGSEND = YES;
				ENABLE_TESTABILITY = YES;
				ENABLE_USER_SCRIPT_SANDBOXING = YES;
				GCC_C_LANGUAGE_STANDARD = gnu17;
				GCC_DYNAMIC_NO_PIC = NO;
				GCC_NO_COMMON_BLOCKS = YES;
				GCC_OPTIMIZATION_LEVEL = 0;
				GCC_PREPROCESSOR_DEFINITIONS = (
					"DEBUG=1",
					"$(inherited)",
				);
				GCC_WARN_64_TO_32_BIT_CONVERSION = YES;
				GCC_WARN_ABOUT_RETURN_TYPE = YES_ERROR;
				GCC_WARN_UNDECLARED_SELECTOR = YES;
				GCC_WARN_UNINITIALIZED_AUTOS = YES_AGGRESSIVE;
				GCC_WARN_UNUSED_FUNCTION = YES;
				GCC_WARN_UNUSED_VARIABLE = YES;
				IPHONEOS_DEPLOYMENT_TARGET = 18.4;
				LOCALIZATION_PREFERS_STRING_CATALOGS = YES;
				MTL_ENABLE_DEBUG_INFO = INCLUDE_SOURCE;
				MTL_FAST_MATH = YES;
				ONLY_ACTIVE_ARCH = YES;
				SDKROOT = iphoneos;
				SWIFT_ACTIVE_COMPILATION_CONDITIONS = "DEBUG $(inherited)";
				SWIFT_OPTIMIZATION_LEVEL = "-Onone";
			};
			name = Debug;
		};
		BC6E4C852DF078B10047239C /* Release */ = {
			isa = XCBuildConfiguration;
			buildSettings = {
				ALWAYS_SEARCH_USER_PATHS = NO;
				ASSETCATALOG_COMPILER_GENERATE_SWIFT_ASSET_SYMBOL_EXTENSIONS = YES;
				CLANG_ANALYZER_LOCALIZABILITY_NONLOCALIZED = YES;
				CLANG_ANALYZER_NONNULL = YES;
				CLANG_ANALYZER_NUMBER_OBJECT_CONVERSION = YES_AGGRESSIVE;
				CLANG_CXX_LANGUAGE_STANDARD = "gnu++20";
				CLANG_ENABLE_MODULES = YES;
				CLANG_ENABLE_OBJC_ARC = YES;
				CLANG_ENABLE_OBJC_WEAK = YES;
				CLANG_WARN_BLOCK_CAPTURE_AUTORELEASING = YES;
				CLANG_WARN_BOOL_CONVERSION = YES;
				CLANG_WARN_COMMA = YES;
				CLANG_WARN_CONSTANT_CONVERSION = YES;
				CLANG_WARN_DEPRECATED_OBJC_IMPLEMENTATIONS = YES;
				CLANG_WARN_DIRECT_OBJC_ISA_USAGE = YES_ERROR;
				CLANG_WARN_DOCUMENTATION_COMMENTS = YES;
				CLANG_WARN_EMPTY_BODY = YES;
				CLANG_WARN_ENUM_CONVERSION = YES;
				CLANG_WARN_INFINITE_RECURSION = YES;
				CLANG_WARN_INT_CONVERSION = YES;
				CLANG_WARN_NON_LITERAL_NULL_CONVERSION = YES;
				CLANG_WARN_OBJC_IMPLICIT_RETAIN_SELF = YES;
				CLANG_WARN_OBJC_LITERAL_CONVERSION = YES;
				CLANG_WARN_OBJC_ROOT_CLASS = YES_ERROR;
				CLANG_WARN_QUOTED_INCLUDE_IN_FRAMEWORK_HEADER = YES;
				CLANG_WARN_RANGE_LOOP_ANALYSIS = YES;
				CLANG_WARN_STRICT_PROTOTYPES = YES;
				CLANG_WARN_SUSPICIOUS_MOVE = YES;
				CLANG_WARN_UNGUARDED_AVAILABILITY = YES_AGGRESSIVE;
				CLANG_WARN_UNREACHABLE_CODE = YES;
				CLANG_WARN__DUPLICATE_METHOD_MATCH = YES;
				COPY_PHASE_STRIP = NO;
				DEBUG_INFORMATION_FORMAT = "dwarf-with-dsym";
				ENABLE_NS_ASSERTIONS = NO;
				ENABLE_STRICT_OBJC_MSGSEND = YES;
				ENABLE_USER_SCRIPT_SANDBOXING = YES;
				GCC_C_LANGUAGE_STANDARD = gnu17;
				GCC_NO_COMMON_BLOCKS = YES;
				GCC_WARN_64_TO_32_BIT_CONVERSION = YES;
				GCC_WARN_ABOUT_RETURN_TYPE = YES_ERROR;
				GCC_WARN_UNDECLARED_SELECTOR = YES;
				GCC_WARN_UNINITIALIZED_AUTOS = YES_AGGRESSIVE;
				GCC_WARN_UNUSED_FUNCTION = YES;
				GCC_WARN_UNUSED_VARIABLE = YES;
				IPHONEOS_DEPLOYMENT_TARGET = 18.4;
				LOCALIZATION_PREFERS_STRING_CATALOGS = YES;
				MTL_ENABLE_DEBUG_INFO = NO;
				MTL_FAST_MATH = YES;
				SDKROOT = iphoneos;
				SWIFT_COMPILATION_MODE = wholemodule;
				VALIDATE_PRODUCT = YES;
			};
			name = Release;
		};
		BC6E4C872DF078B10047239C /* Debug */ = {
			isa = XCBuildConfiguration;
			buildSettings = {
				ASSETCATALOG_COMPILER_APPICON_NAME = AppIcon;
				ASSETCATALOG_COMPILER_GLOBAL_ACCENT_COLOR_NAME = AccentColor;
				CODE_SIGN_STYLE = Automatic;
				CURRENT_PROJECT_VERSION = 1;
				ENABLE_PREVIEWS = YES;
				GENERATE_INFOPLIST_FILE = YES;
				INFOPLIST_KEY_UIApplicationSceneManifest_Generation = YES;
				INFOPLIST_KEY_UIApplicationSupportsIndirectInputEvents = YES;
				INFOPLIST_KEY_UILaunchScreen_Generation = YES;
				INFOPLIST_KEY_UILaunchStoryboardName = LaunchScreen.swift;
				INFOPLIST_KEY_UIStatusBarHidden = YES;
				INFOPLIST_KEY_UISupportedInterfaceOrientations = UIInterfaceOrientationPortrait;
				LD_RUNPATH_SEARCH_PATHS = (
					"$(inherited)",
					"@executable_path/Frameworks",
				);
				MARKETING_VERSION = 1.0;
				PRODUCT_BUNDLE_IDENTIFIER = "one.development-l1-R-M";
				PRODUCT_NAME = "$(TARGET_NAME)";
				SWIFT_EMIT_LOC_STRINGS = YES;
				SWIFT_VERSION = 5.0;
				TARGETED_DEVICE_FAMILY = "1,2";
			};
			name = Debug;
		};
		BC6E4C882DF078B10047239C /* Release */ = {
			isa = XCBuildConfiguration;
			buildSettings = {
				ASSETCATALOG_COMPILER_APPICON_NAME = AppIcon;
				ASSETCATALOG_COMPILER_GLOBAL_ACCENT_COLOR_NAME = AccentColor;
				CODE_SIGN_STYLE = Automatic;
				CURRENT_PROJECT_VERSION = 1;
				ENABLE_PREVIEWS = YES;
				GENERATE_INFOPLIST_FILE = YES;
				INFOPLIST_KEY_UIApplicationSceneManifest_Generation = YES;
				INFOPLIST_KEY_UIApplicationSupportsIndirectInputEvents = YES;
				INFOPLIST_KEY_UILaunchScreen_Generation = YES;
				INFOPLIST_KEY_UILaunchStoryboardName = LaunchScreen.swift;
				INFOPLIST_KEY_UIStatusBarHidden = YES;
				INFOPLIST_KEY_UISupportedInterfaceOrientations = UIInterfaceOrientationPortrait;
				LD_RUNPATH_SEARCH_PATHS = (
					"$(inherited)",
					"@executable_path/Frameworks",
				);
				MARKETING_VERSION = 1.0;
				PRODUCT_BUNDLE_IDENTIFIER = "one.development-l1-R-M";
				PRODUCT_NAME = "$(TARGET_NAME)";
				SWIFT_EMIT_LOC_STRINGS = YES;
				SWIFT_VERSION = 5.0;
				TARGETED_DEVICE_FAMILY = "1,2";
			};
			name = Release;
		};
/* End XCBuildConfiguration section */

/* Begin XCConfigurationList section */
		BC6E4C762DF078B00047239C /* Build configuration list for PBXProject "development l1 R&M" */ = {
			isa = XCConfigurationList;
			buildConfigurations = (
				BC6E4C842DF078B10047239C /* Debug */,
				BC6E4C852DF078B10047239C /* Release */,
			);
			defaultConfigurationIsVisible = 0;
			defaultConfigurationName = Release;
		};
		BC6E4C862DF078B10047239C /* Build configuration list for PBXNativeTarget "development l1 R&M" */ = {
			isa = XCConfigurationList;
			buildConfigurations = (
				BC6E4C872DF078B10047239C /* Debug */,
				BC6E4C882DF078B10047239C /* Release */,
			);
			defaultConfigurationIsVisible = 0;
			defaultConfigurationName = Release;
		};
/* End XCConfigurationList section */

/* Begin XCVersionGroup section */
		BC3C60472E292BE7003D3414 /* Model.xcdatamodeld */ = {
			isa = XCVersionGroup;
			children = (
				BC3C60672E292BE7003D3414 /* Model.xcdatamodel */,
			);
			currentVersion = BC3C60672E292BE7003D3414 /* Model.xcdatamodel */;
			path = Model.xcdatamodeld;
			sourceTree = "<group>";
			versionGroupType = wrapper.xcdatamodel;
		};
/* End XCVersionGroup section */
	};
	rootObject = BC6E4C732DF078B00047239C /* Project object */;
}
